
Microsoft Visual Studio Solution File, Format Version 12.00
# Visual Studio 15
VisualStudioVersion = 15.0.28307.168
MinimumVisualStudioVersion = 10.0.40219.1
Project("{FAE04EC0-301F-11D3-BF4B-00C04F79EFBC}") = "ProgrammingTest", "ProgrammingTest.csproj", "{5F74936B-32E9-495E-A01D-B80E7F8009D9}"
EndProject
Global
	GlobalSection(SolutionConfigurationPlatforms) = preSolution
		Debug|Any CPU = Debug|Any CPU
		Release|Any CPU = Release|Any CPU
	EndGlobalSection
	GlobalSection(ProjectConfigurationPlatforms) = postSolution
		{5F74936B-32E9-495E-A01D-B80E7F8009D9}.Debug|Any CPU.ActiveCfg = Debug|Any CPU
		{5F74936B-32E9-495E-A01D-B80E7F8009D9}.Debug|Any CPU.Build.0 = Debug|Any CPU
		{5F74936B-32E9-495E-A01D-B80E7F8009D9}.Release|Any CPU.ActiveCfg = Release|Any CPU
		{5F74936B-32E9-495E-A01D-B80E7F8009D9}.Release|Any CPU.Build.0 = Release|Any CPU
	EndGlobalSection
	GlobalSection(SolutionProperties) = preSolution
		HideSolutionNode = FALSE
	EndGlobalSection
	GlobalSection(ExtensibilityGlobals) = postSolution
		SolutionGuid = {358F68D5-5C81-4F3B-BD71-3E15566D8DEB}
	EndGlobalSection
EndGlobal
